
Microsoft Visual Studio Solution File, Format Version 12.00
# Visual Studio Version 16
VisualStudioVersion = 16.0.31005.135
MinimumVisualStudioVersion = 10.0.40219.1
Project("{8BC9CEB8-8B4A-11D0-8D11-00A0C91BC942}") = "лаба 1", "лаба 1\лаба 1.vcxproj", "{4A657D10-6A29-4C03-8A1D-DA69934161C9}"
EndProject
Project("{8BC9CEB8-8B4A-11D0-8D11-00A0C91BC942}") = "UnitTest1", "UnitTest1\UnitTest1.vcxproj", "{255CC222-557C-4A11-9F7C-557CD0DDBC7C}"
EndProject
Global
	GlobalSection(SolutionConfigurationPlatforms) = preSolution
		Debug|x64 = Debug|x64
		Debug|x86 = Debug|x86
		Release|x64 = Release|x64
		Release|x86 = Release|x86
	EndGlobalSection
	GlobalSection(ProjectConfigurationPlatforms) = postSolution
		{4A657D10-6A29-4C03-8A1D-DA69934161C9}.Debug|x64.ActiveCfg = Debug|x64
		{4A657D10-6A29-4C03-8A1D-DA69934161C9}.Debug|x64.Build.0 = Debug|x64
		{4A657D10-6A29-4C03-8A1D-DA69934161C9}.Debug|x86.ActiveCfg = Debug|Win32
		{4A657D10-6A29-4C03-8A1D-DA69934161C9}.Debug|x86.Build.0 = Debug|Win32
		{4A657D10-6A29-4C03-8A1D-DA69934161C9}.Release|x64.ActiveCfg = Release|x64
		{4A657D10-6A29-4C03-8A1D-DA69934161C9}.Release|x64.Build.0 = Release|x64
		{4A657D10-6A29-4C03-8A1D-DA69934161C9}.Release|x86.ActiveCfg = Release|Win32
		{4A657D10-6A29-4C03-8A1D-DA69934161C9}.Release|x86.Build.0 = Release|Win32
		{255CC222-557C-4A11-9F7C-557CD0DDBC7C}.Debug|x64.ActiveCfg = Debug|x64
		{255CC222-557C-4A11-9F7C-557CD0DDBC7C}.Debug|x64.Build.0 = Debug|x64
		{255CC222-557C-4A11-9F7C-557CD0DDBC7C}.Debug|x86.ActiveCfg = Debug|Win32
		{255CC222-557C-4A11-9F7C-557CD0DDBC7C}.Debug|x86.Build.0 = Debug|Win32
		{255CC222-557C-4A11-9F7C-557CD0DDBC7C}.Release|x64.ActiveCfg = Release|x64
		{255CC222-557C-4A11-9F7C-557CD0DDBC7C}.Release|x64.Build.0 = Release|x64
		{255CC222-557C-4A11-9F7C-557CD0DDBC7C}.Release|x86.ActiveCfg = Release|Win32
		{255CC222-557C-4A11-9F7C-557CD0DDBC7C}.Release|x86.Build.0 = Release|Win32
	EndGlobalSection
	GlobalSection(SolutionProperties) = preSolution
		HideSolutionNode = FALSE
	EndGlobalSection
	GlobalSection(ExtensibilityGlobals) = postSolution
		SolutionGuid = {64C57FB1-230D-4DD2-8CF0-EBBC69659A10}
	EndGlobalSection
EndGlobal
